
Microsoft Visual Studio Solution File, Format Version 12.00
# Visual Studio 15
VisualStudioVersion = 15.0.27130.2010
MinimumVisualStudioVersion = 10.0.40219.1
Project("{FAE04EC0-301F-11D3-BF4B-00C04F79EFBC}") = "StackLayoutExercise2.Android", "StackLayoutExercise2\StackLayoutExercise2.Android\StackLayoutExercise2.Android.csproj", "{5FE16EAE-D6E2-4038-AA77-C7E9845A5F8C}"
EndProject
Project("{FAE04EC0-301F-11D3-BF4B-00C04F79EFBC}") = "StackLayoutExercise2.iOS", "StackLayoutExercise2\StackLayoutExercise2.iOS\StackLayoutExercise2.iOS.csproj", "{3E0A6051-E021-40FB-8EAA-F0A48A6A09D5}"
EndProject
Project("{FAE04EC0-301F-11D3-BF4B-00C04F79EFBC}") = "StackLayoutExercise2.UWP", "StackLayoutExercise2\StackLayoutExercise2.UWP\StackLayoutExercise2.UWP.csproj", "{5326E104-DA4A-4D88-935E-80DA61B95D69}"
EndProject
Project("{FAE04EC0-301F-11D3-BF4B-00C04F79EFBC}") = "StackLayoutExercise2", "StackLayoutExercise2\StackLayoutExercise2\StackLayoutExercise2.csproj", "{B7C1C37F-AFEE-4662-AA6B-04621865F435}"
EndProject
Global
	GlobalSection(SolutionConfigurationPlatforms) = preSolution
		Ad-Hoc|Any CPU = Ad-Hoc|Any CPU
		Ad-Hoc|ARM = Ad-Hoc|ARM
		Ad-Hoc|iPhone = Ad-Hoc|iPhone
		Ad-Hoc|iPhoneSimulator = Ad-Hoc|iPhoneSimulator
		Ad-Hoc|x64 = Ad-Hoc|x64
		Ad-Hoc|x86 = Ad-Hoc|x86
		AppStore|Any CPU = AppStore|Any CPU
		AppStore|ARM = AppStore|ARM
		AppStore|iPhone = AppStore|iPhone
		AppStore|iPhoneSimulator = AppStore|iPhoneSimulator
		AppStore|x64 = AppStore|x64
		AppStore|x86 = AppStore|x86
		Debug|Any CPU = Debug|Any CPU
		Debug|ARM = Debug|ARM
		Debug|iPhone = Debug|iPhone
		Debug|iPhoneSimulator = Debug|iPhoneSimulator
		Debug|x64 = Debug|x64
		Debug|x86 = Debug|x86
		Release|Any CPU = Release|Any CPU
		Release|ARM = Release|ARM
		Release|iPhone = Release|iPhone
		Release|iPhoneSimulator = Release|iPhoneSimulator
		Release|x64 = Release|x64
		Release|x86 = Release|x86
	EndGlobalSection
	GlobalSection(ProjectConfigurationPlatforms) = postSolution
		{5FE16EAE-D6E2-4038-AA77-C7E9845A5F8C}.Ad-Hoc|Any CPU.ActiveCfg = Release|Any CPU
		{5FE16EAE-D6E2-4038-AA77-C7E9845A5F8C}.Ad-Hoc|Any CPU.Build.0 = Release|Any CPU
		{5FE16EAE-D6E2-4038-AA77-C7E9845A5F8C}.Ad-Hoc|Any CPU.Deploy.0 = Release|Any CPU
		{5FE16EAE-D6E2-4038-AA77-C7E9845A5F8C}.Ad-Hoc|ARM.ActiveCfg = Release|Any CPU
		{5FE16EAE-D6E2-4038-AA77-C7E9845A5F8C}.Ad-Hoc|ARM.Build.0 = Release|Any CPU
		{5FE16EAE-D6E2-4038-AA77-C7E9845A5F8C}.Ad-Hoc|ARM.Deploy.0 = Release|Any CPU
		{5FE16EAE-D6E2-4038-AA77-C7E9845A5F8C}.Ad-Hoc|iPhone.ActiveCfg = Release|Any CPU
		{5FE16EAE-D6E2-4038-AA77-C7E9845A5F8C}.Ad-Hoc|iPhone.Build.0 = Release|Any CPU
		{5FE16EAE-D6E2-4038-AA77-C7E9845A5F8C}.Ad-Hoc|iPhone.Deploy.0 = Release|Any CPU
		{5FE16EAE-D6E2-4038-AA77-C7E9845A5F8C}.Ad-Hoc|iPhoneSimulator.ActiveCfg = Release|Any CPU
		{5FE16EAE-D6E2-4038-AA77-C7E9845A5F8C}.Ad-Hoc|iPhoneSimulator.Build.0 = Release|Any CPU
		{5FE16EAE-D6E2-4038-AA77-C7E9845A5F8C}.Ad-Hoc|iPhoneSimulator.Deploy.0 = Release|Any CPU
		{5FE16EAE-D6E2-4038-AA77-C7E9845A5F8C}.Ad-Hoc|x64.ActiveCfg = Release|Any CPU
		{5FE16EAE-D6E2-4038-AA77-C7E9845A5F8C}.Ad-Hoc|x64.Build.0 = Release|Any CPU
		{5FE16EAE-D6E2-4038-AA77-C7E9845A5F8C}.Ad-Hoc|x64.Deploy.0 = Release|Any CPU
		{5FE16EAE-D6E2-4038-AA77-C7E9845A5F8C}.Ad-Hoc|x86.ActiveCfg = Release|Any CPU
		{5FE16EAE-D6E2-4038-AA77-C7E9845A5F8C}.Ad-Hoc|x86.Build.0 = Release|Any CPU
		{5FE16EAE-D6E2-4038-AA77-C7E9845A5F8C}.Ad-Hoc|x86.Deploy.0 = Release|Any CPU
		{5FE16EAE-D6E2-4038-AA77-C7E9845A5F8C}.AppStore|Any CPU.ActiveCfg = Release|Any CPU
		{5FE16EAE-D6E2-4038-AA77-C7E9845A5F8C}.AppStore|Any CPU.Build.0 = Release|Any CPU
		{5FE16EAE-D6E2-4038-AA77-C7E9845A5F8C}.AppStore|Any CPU.Deploy.0 = Release|Any CPU
		{5FE16EAE-D6E2-4038-AA77-C7E9845A5F8C}.AppStore|ARM.ActiveCfg = Release|Any CPU
		{5FE16EAE-D6E2-4038-AA77-C7E9845A5F8C}.AppStore|ARM.Build.0 = Release|Any CPU
		{5FE16EAE-D6E2-4038-AA77-C7E9845A5F8C}.AppStore|ARM.Deploy.0 = Release|Any CPU
		{5FE16EAE-D6E2-4038-AA77-C7E9845A5F8C}.AppStore|iPhone.ActiveCfg = Release|Any CPU
		{5FE16EAE-D6E2-4038-AA77-C7E9845A5F8C}.AppStore|iPhone.Build.0 = Release|Any CPU
		{5FE16EAE-D6E2-4038-AA77-C7E9845A5F8C}.AppStore|iPhone.Deploy.0 = Release|Any CPU
		{5FE16EAE-D6E2-4038-AA77-C7E9845A5F8C}.AppStore|iPhoneSimulator.ActiveCfg = Release|Any CPU
		{5FE16EAE-D6E2-4038-AA77-C7E9845A5F8C}.AppStore|iPhoneSimulator.Build.0 = Release|Any CPU
		{5FE16EAE-D6E2-4038-AA77-C7E9845A5F8C}.AppStore|iPhoneSimulator.Deploy.0 = Release|Any CPU
		{5FE16EAE-D6E2-4038-AA77-C7E9845A5F8C}.AppStore|x64.ActiveCfg = Release|Any CPU
		{5FE16EAE-D6E2-4038-AA77-C7E9845A5F8C}.AppStore|x64.Build.0 = Release|Any CPU
		{5FE16EAE-D6E2-4038-AA77-C7E9845A5F8C}.AppStore|x64.Deploy.0 = Release|Any CPU
		{5FE16EAE-D6E2-4038-AA77-C7E9845A5F8C}.AppStore|x86.ActiveCfg = Release|Any CPU
		{5FE16EAE-D6E2-4038-AA77-C7E9845A5F8C}.AppStore|x86.Build.0 = Release|Any CPU
		{5FE16EAE-D6E2-4038-AA77-C7E9845A5F8C}.AppStore|x86.Deploy.0 = Release|Any CPU
		{5FE16EAE-D6E2-4038-AA77-C7E9845A5F8C}.Debug|Any CPU.ActiveCfg = Debug|Any CPU
		{5FE16EAE-D6E2-4038-AA77-C7E9845A5F8C}.Debug|Any CPU.Build.0 = Debug|Any CPU
		{5FE16EAE-D6E2-4038-AA77-C7E9845A5F8C}.Debug|Any CPU.Deploy.0 = Debug|Any CPU
		{5FE16EAE-D6E2-4038-AA77-C7E9845A5F8C}.Debug|ARM.ActiveCfg = Debug|Any CPU
		{5FE16EAE-D6E2-4038-AA77-C7E9845A5F8C}.Debug|ARM.Build.0 = Debug|Any CPU
		{5FE16EAE-D6E2-4038-AA77-C7E9845A5F8C}.Debug|ARM.Deploy.0 = Debug|Any CPU
		{5FE16EAE-D6E2-4038-AA77-C7E9845A5F8C}.Debug|iPhone.ActiveCfg = Debug|Any CPU
		{5FE16EAE-D6E2-4038-AA77-C7E9845A5F8C}.Debug|iPhone.Build.0 = Debug|Any CPU
		{5FE16EAE-D6E2-4038-AA77-C7E9845A5F8C}.Debug|iPhone.Deploy.0 = Debug|Any CPU
		{5FE16EAE-D6E2-4038-AA77-C7E9845A5F8C}.Debug|iPhoneSimulator.ActiveCfg = Debug|Any CPU
		{5FE16EAE-D6E2-4038-AA77-C7E9845A5F8C}.Debug|iPhoneSimulator.Build.0 = Debug|Any CPU
		{5FE16EAE-D6E2-4038-AA77-C7E9845A5F8C}.Debug|iPhoneSimulator.Deploy.0 = Debug|Any CPU
		{5FE16EAE-D6E2-4038-AA77-C7E9845A5F8C}.Debug|x64.ActiveCfg = Debug|Any CPU
		{5FE16EAE-D6E2-4038-AA77-C7E9845A5F8C}.Debug|x64.Build.0 = Debug|Any CPU
		{5FE16EAE-D6E2-4038-AA77-C7E9845A5F8C}.Debug|x64.Deploy.0 = Debug|Any CPU
		{5FE16EAE-D6E2-4038-AA77-C7E9845A5F8C}.Debug|x86.ActiveCfg = Debug|Any CPU
		{5FE16EAE-D6E2-4038-AA77-C7E9845A5F8C}.Debug|x86.Build.0 = Debug|Any CPU
		{5FE16EAE-D6E2-4038-AA77-C7E9845A5F8C}.Debug|x86.Deploy.0 = Debug|Any CPU
		{5FE16EAE-D6E2-4038-AA77-C7E9845A5F8C}.Release|Any CPU.ActiveCfg = Release|Any CPU
		{5FE16EAE-D6E2-4038-AA77-C7E9845A5F8C}.Release|Any CPU.Build.0 = Release|Any CPU
		{5FE16EAE-D6E2-4038-AA77-C7E9845A5F8C}.Release|Any CPU.Deploy.0 = Release|Any CPU
		{5FE16EAE-D6E2-4038-AA77-C7E9845A5F8C}.Release|ARM.ActiveCfg = Release|Any CPU
		{5FE16EAE-D6E2-4038-AA77-C7E9845A5F8C}.Release|ARM.Build.0 = Release|Any CPU
		{5FE16EAE-D6E2-4038-AA77-C7E9845A5F8C}.Release|ARM.Deploy.0 = Release|Any CPU
		{5FE16EAE-D6E2-4038-AA77-C7E9845A5F8C}.Release|iPhone.ActiveCfg = Release|Any CPU
		{5FE16EAE-D6E2-4038-AA77-C7E9845A5F8C}.Release|iPhone.Build.0 = Release|Any CPU
		{5FE16EAE-D6E2-4038-AA77-C7E9845A5F8C}.Release|iPhone.Deploy.0 = Release|Any CPU
		{5FE16EAE-D6E2-4038-AA77-C7E9845A5F8C}.Release|iPhoneSimulator.ActiveCfg = Release|Any CPU
		{5FE16EAE-D6E2-4038-AA77-C7E9845A5F8C}.Release|iPhoneSimulator.Build.0 = Release|Any CPU
		{5FE16EAE-D6E2-4038-AA77-C7E9845A5F8C}.Release|iPhoneSimulator.Deploy.0 = Release|Any CPU
		{5FE16EAE-D6E2-4038-AA77-C7E9845A5F8C}.Release|x64.ActiveCfg = Release|Any CPU
		{5FE16EAE-D6E2-4038-AA77-C7E9845A5F8C}.Release|x64.Build.0 = Release|Any CPU
		{5FE16EAE-D6E2-4038-AA77-C7E9845A5F8C}.Release|x64.Deploy.0 = Release|Any CPU
		{5FE16EAE-D6E2-4038-AA77-C7E9845A5F8C}.Release|x86.ActiveCfg = Release|Any CPU
		{5FE16EAE-D6E2-4038-AA77-C7E9845A5F8C}.Release|x86.Build.0 = Release|Any CPU
		{5FE16EAE-D6E2-4038-AA77-C7E9845A5F8C}.Release|x86.Deploy.0 = Release|Any CPU
		{3E0A6051-E021-40FB-8EAA-F0A48A6A09D5}.Ad-Hoc|Any CPU.ActiveCfg = Ad-Hoc|iPhone
		{3E0A6051-E021-40FB-8EAA-F0A48A6A09D5}.Ad-Hoc|ARM.ActiveCfg = Ad-Hoc|iPhone
		{3E0A6051-E021-40FB-8EAA-F0A48A6A09D5}.Ad-Hoc|iPhone.ActiveCfg = Ad-Hoc|iPhone
		{3E0A6051-E021-40FB-8EAA-F0A48A6A09D5}.Ad-Hoc|iPhone.Build.0 = Ad-Hoc|iPhone
		{3E0A6051-E021-40FB-8EAA-F0A48A6A09D5}.Ad-Hoc|iPhoneSimulator.ActiveCfg = Ad-Hoc|iPhoneSimulator
		{3E0A6051-E021-40FB-8EAA-F0A48A6A09D5}.Ad-Hoc|iPhoneSimulator.Build.0 = Ad-Hoc|iPhoneSimulator
		{3E0A6051-E021-40FB-8EAA-F0A48A6A09D5}.Ad-Hoc|x64.ActiveCfg = Ad-Hoc|iPhone
		{3E0A6051-E021-40FB-8EAA-F0A48A6A09D5}.Ad-Hoc|x86.ActiveCfg = Ad-Hoc|iPhone
		{3E0A6051-E021-40FB-8EAA-F0A48A6A09D5}.AppStore|Any CPU.ActiveCfg = AppStore|iPhone
		{3E0A6051-E021-40FB-8EAA-F0A48A6A09D5}.AppStore|ARM.ActiveCfg = AppStore|iPhone
		{3E0A6051-E021-40FB-8EAA-F0A48A6A09D5}.AppStore|iPhone.ActiveCfg = AppStore|iPhone
		{3E0A6051-E021-40FB-8EAA-F0A48A6A09D5}.AppStore|iPhone.Build.0 = AppStore|iPhone
		{3E0A6051-E021-40FB-8EAA-F0A48A6A09D5}.AppStore|iPhoneSimulator.ActiveCfg = AppStore|iPhoneSimulator
		{3E0A6051-E021-40FB-8EAA-F0A48A6A09D5}.AppStore|iPhoneSimulator.Build.0 = AppStore|iPhoneSimulator
		{3E0A6051-E021-40FB-8EAA-F0A48A6A09D5}.AppStore|x64.ActiveCfg = AppStore|iPhone
		{3E0A6051-E021-40FB-8EAA-F0A48A6A09D5}.AppStore|x86.ActiveCfg = AppStore|iPhone
		{3E0A6051-E021-40FB-8EAA-F0A48A6A09D5}.Debug|Any CPU.ActiveCfg = Debug|iPhone
		{3E0A6051-E021-40FB-8EAA-F0A48A6A09D5}.Debug|ARM.ActiveCfg = Debug|iPhone
		{3E0A6051-E021-40FB-8EAA-F0A48A6A09D5}.Debug|iPhone.ActiveCfg = Debug|iPhone
		{3E0A6051-E021-40FB-8EAA-F0A48A6A09D5}.Debug|iPhone.Build.0 = Debug|iPhone
		{3E0A6051-E021-40FB-8EAA-F0A48A6A09D5}.Debug|iPhoneSimulator.ActiveCfg = Debug|iPhoneSimulator
		{3E0A6051-E021-40FB-8EAA-F0A48A6A09D5}.Debug|iPhoneSimulator.Build.0 = Debug|iPhoneSimulator
		{3E0A6051-E021-40FB-8EAA-F0A48A6A09D5}.Debug|x64.ActiveCfg = Debug|iPhone
		{3E0A6051-E021-40FB-8EAA-F0A48A6A09D5}.Debug|x86.ActiveCfg = Debug|iPhone
		{3E0A6051-E021-40FB-8EAA-F0A48A6A09D5}.Release|Any CPU.ActiveCfg = Release|iPhone
		{3E0A6051-E021-40FB-8EAA-F0A48A6A09D5}.Release|ARM.ActiveCfg = Release|iPhone
		{3E0A6051-E021-40FB-8EAA-F0A48A6A09D5}.Release|iPhone.ActiveCfg = Release|iPhone
		{3E0A6051-E021-40FB-8EAA-F0A48A6A09D5}.Release|iPhone.Build.0 = Release|iPhone
		{3E0A6051-E021-40FB-8EAA-F0A48A6A09D5}.Release|iPhoneSimulator.ActiveCfg = Release|iPhoneSimulator
		{3E0A6051-E021-40FB-8EAA-F0A48A6A09D5}.Release|iPhoneSimulator.Build.0 = Release|iPhoneSimulator
		{3E0A6051-E021-40FB-8EAA-F0A48A6A09D5}.Release|x64.ActiveCfg = Release|iPhone
		{3E0A6051-E021-40FB-8EAA-F0A48A6A09D5}.Release|x86.ActiveCfg = Release|iPhone
		{5326E104-DA4A-4D88-935E-80DA61B95D69}.Ad-Hoc|Any CPU.ActiveCfg = Release|x86
		{5326E104-DA4A-4D88-935E-80DA61B95D69}.Ad-Hoc|Any CPU.Build.0 = Release|x86
		{5326E104-DA4A-4D88-935E-80DA61B95D69}.Ad-Hoc|Any CPU.Deploy.0 = Release|x86
		{5326E104-DA4A-4D88-935E-80DA61B95D69}.Ad-Hoc|ARM.ActiveCfg = Release|ARM
		{5326E104-DA4A-4D88-935E-80DA61B95D69}.Ad-Hoc|ARM.Build.0 = Release|ARM
		{5326E104-DA4A-4D88-935E-80DA61B95D69}.Ad-Hoc|ARM.Deploy.0 = Release|ARM
		{5326E104-DA4A-4D88-935E-80DA61B95D69}.Ad-Hoc|iPhone.ActiveCfg = Release|x86
		{5326E104-DA4A-4D88-935E-80DA61B95D69}.Ad-Hoc|iPhone.Build.0 = Release|x86
		{5326E104-DA4A-4D88-935E-80DA61B95D69}.Ad-Hoc|iPhone.Deploy.0 = Release|x86
		{5326E104-DA4A-4D88-935E-80DA61B95D69}.Ad-Hoc|iPhoneSimulator.ActiveCfg = Release|x86
		{5326E104-DA4A-4D88-935E-80DA61B95D69}.Ad-Hoc|iPhoneSimulator.Build.0 = Release|x86
		{5326E104-DA4A-4D88-935E-80DA61B95D69}.Ad-Hoc|iPhoneSimulator.Deploy.0 = Release|x86
		{5326E104-DA4A-4D88-935E-80DA61B95D69}.Ad-Hoc|x64.ActiveCfg = Release|x64
		{5326E104-DA4A-4D88-935E-80DA61B95D69}.Ad-Hoc|x64.Build.0 = Release|x64
		{5326E104-DA4A-4D88-935E-80DA61B95D69}.Ad-Hoc|x64.Deploy.0 = Release|x64
		{5326E104-DA4A-4D88-935E-80DA61B95D69}.Ad-Hoc|x86.ActiveCfg = Release|x86
		{5326E104-DA4A-4D88-935E-80DA61B95D69}.Ad-Hoc|x86.Build.0 = Release|x86
		{5326E104-DA4A-4D88-935E-80DA61B95D69}.Ad-Hoc|x86.Deploy.0 = Release|x86
		{5326E104-DA4A-4D88-935E-80DA61B95D69}.AppStore|Any CPU.ActiveCfg = Release|x86
		{5326E104-DA4A-4D88-935E-80DA61B95D69}.AppStore|Any CPU.Build.0 = Release|x86
		{5326E104-DA4A-4D88-935E-80DA61B95D69}.AppStore|Any CPU.Deploy.0 = Release|x86
		{5326E104-DA4A-4D88-935E-80DA61B95D69}.AppStore|ARM.ActiveCfg = Release|ARM
		{5326E104-DA4A-4D88-935E-80DA61B95D69}.AppStore|ARM.Build.0 = Release|ARM
		{5326E104-DA4A-4D88-935E-80DA61B95D69}.AppStore|ARM.Deploy.0 = Release|ARM
		{5326E104-DA4A-4D88-935E-80DA61B95D69}.AppStore|iPhone.ActiveCfg = Release|x86
		{5326E104-DA4A-4D88-935E-80DA61B95D69}.AppStore|iPhone.Build.0 = Release|x86
		{5326E104-DA4A-4D88-935E-80DA61B95D69}.AppStore|iPhone.Deploy.0 = Release|x86
		{5326E104-DA4A-4D88-935E-80DA61B95D69}.AppStore|iPhoneSimulator.ActiveCfg = Release|x86
		{5326E104-DA4A-4D88-935E-80DA61B95D69}.AppStore|iPhoneSimulator.Build.0 = Release|x86
		{5326E104-DA4A-4D88-935E-80DA61B95D69}.AppStore|iPhoneSimulator.Deploy.0 = Release|x86
		{5326E104-DA4A-4D88-935E-80DA61B95D69}.AppStore|x64.ActiveCfg = Release|x64
		{5326E104-DA4A-4D88-935E-80DA61B95D69}.AppStore|x64.Build.0 = Release|x64
		{5326E104-DA4A-4D88-935E-80DA61B95D69}.AppStore|x64.Deploy.0 = Release|x64
		{5326E104-DA4A-4D88-935E-80DA61B95D69}.AppStore|x86.ActiveCfg = Release|x86
		{5326E104-DA4A-4D88-935E-80DA61B95D69}.AppStore|x86.Build.0 = Release|x86
		{5326E104-DA4A-4D88-935E-80DA61B95D69}.AppStore|x86.Deploy.0 = Release|x86
		{5326E104-DA4A-4D88-935E-80DA61B95D69}.Debug|Any CPU.ActiveCfg = Debug|x86
		{5326E104-DA4A-4D88-935E-80DA61B95D69}.Debug|ARM.ActiveCfg = Debug|ARM
		{5326E104-DA4A-4D88-935E-80DA61B95D69}.Debug|ARM.Build.0 = Debug|ARM
		{5326E104-DA4A-4D88-935E-80DA61B95D69}.Debug|ARM.Deploy.0 = Debug|ARM
		{5326E104-DA4A-4D88-935E-80DA61B95D69}.Debug|iPhone.ActiveCfg = Debug|x86
		{5326E104-DA4A-4D88-935E-80DA61B95D69}.Debug|iPhoneSimulator.ActiveCfg = Debug|x86
		{5326E104-DA4A-4D88-935E-80DA61B95D69}.Debug|x64.ActiveCfg = Debug|x64
		{5326E104-DA4A-4D88-935E-80DA61B95D69}.Debug|x64.Build.0 = Debug|x64
		{5326E104-DA4A-4D88-935E-80DA61B95D69}.Debug|x64.Deploy.0 = Debug|x64
		{5326E104-DA4A-4D88-935E-80DA61B95D69}.Debug|x86.ActiveCfg = Debug|x86
		{5326E104-DA4A-4D88-935E-80DA61B95D69}.Debug|x86.Build.0 = Debug|x86
		{5326E104-DA4A-4D88-935E-80DA61B95D69}.Debug|x86.Deploy.0 = Debug|x86
		{5326E104-DA4A-4D88-935E-80DA61B95D69}.Release|Any CPU.ActiveCfg = Release|x86
		{5326E104-DA4A-4D88-935E-80DA61B95D69}.Release|ARM.ActiveCfg = Release|ARM
		{5326E104-DA4A-4D88-935E-80DA61B95D69}.Release|ARM.Build.0 = Release|ARM
		{5326E104-DA4A-4D88-935E-80DA61B95D69}.Release|ARM.Deploy.0 = Release|ARM
		{5326E104-DA4A-4D88-935E-80DA61B95D69}.Release|iPhone.ActiveCfg = Release|x86
		{5326E104-DA4A-4D88-935E-80DA61B95D69}.Release|iPhoneSimulator.ActiveCfg = Release|x86
		{5326E104-DA4A-4D88-935E-80DA61B95D69}.Release|x64.ActiveCfg = Release|x64
		{5326E104-DA4A-4D88-935E-80DA61B95D69}.Release|x64.Build.0 = Release|x64
		{5326E104-DA4A-4D88-935E-80DA61B95D69}.Release|x64.Deploy.0 = Release|x64
		{5326E104-DA4A-4D88-935E-80DA61B95D69}.Release|x86.ActiveCfg = Release|x86
		{5326E104-DA4A-4D88-935E-80DA61B95D69}.Release|x86.Build.0 = Release|x86
		{5326E104-DA4A-4D88-935E-80DA61B95D69}.Release|x86.Deploy.0 = Release|x86
		{B7C1C37F-AFEE-4662-AA6B-04621865F435}.Ad-Hoc|Any CPU.ActiveCfg = Debug|Any CPU
		{B7C1C37F-AFEE-4662-AA6B-04621865F435}.Ad-Hoc|Any CPU.Build.0 = Debug|Any CPU
		{B7C1C37F-AFEE-4662-AA6B-04621865F435}.Ad-Hoc|ARM.ActiveCfg = Debug|Any CPU
		{B7C1C37F-AFEE-4662-AA6B-04621865F435}.Ad-Hoc|ARM.Build.0 = Debug|Any CPU
		{B7C1C37F-AFEE-4662-AA6B-04621865F435}.Ad-Hoc|iPhone.ActiveCfg = Debug|Any CPU
		{B7C1C37F-AFEE-4662-AA6B-04621865F435}.Ad-Hoc|iPhone.Build.0 = Debug|Any CPU
		{B7C1C37F-AFEE-4662-AA6B-04621865F435}.Ad-Hoc|iPhoneSimulator.ActiveCfg = Debug|Any CPU
		{B7C1C37F-AFEE-4662-AA6B-04621865F435}.Ad-Hoc|iPhoneSimulator.Build.0 = Debug|Any CPU
		{B7C1C37F-AFEE-4662-AA6B-04621865F435}.Ad-Hoc|x64.ActiveCfg = Debug|Any CPU
		{B7C1C37F-AFEE-4662-AA6B-04621865F435}.Ad-Hoc|x64.Build.0 = Debug|Any CPU
		{B7C1C37F-AFEE-4662-AA6B-04621865F435}.Ad-Hoc|x86.ActiveCfg = Debug|Any CPU
		{B7C1C37F-AFEE-4662-AA6B-04621865F435}.Ad-Hoc|x86.Build.0 = Debug|Any CPU
		{B7C1C37F-AFEE-4662-AA6B-04621865F435}.AppStore|Any CPU.ActiveCfg = Debug|Any CPU
		{B7C1C37F-AFEE-4662-AA6B-04621865F435}.AppStore|Any CPU.Build.0 = Debug|Any CPU
		{B7C1C37F-AFEE-4662-AA6B-04621865F435}.AppStore|ARM.ActiveCfg = Debug|Any CPU
		{B7C1C37F-AFEE-4662-AA6B-04621865F435}.AppStore|ARM.Build.0 = Debug|Any CPU
		{B7C1C37F-AFEE-4662-AA6B-04621865F435}.AppStore|iPhone.ActiveCfg = Debug|Any CPU
		{B7C1C37F-AFEE-4662-AA6B-04621865F435}.AppStore|iPhone.Build.0 = Debug|Any CPU
		{B7C1C37F-AFEE-4662-AA6B-04621865F435}.AppStore|iPhoneSimulator.ActiveCfg = Debug|Any CPU
		{B7C1C37F-AFEE-4662-AA6B-04621865F435}.AppStore|iPhoneSimulator.Build.0 = Debug|Any CPU
		{B7C1C37F-AFEE-4662-AA6B-04621865F435}.AppStore|x64.ActiveCfg = Debug|Any CPU
		{B7C1C37F-AFEE-4662-AA6B-04621865F435}.AppStore|x64.Build.0 = Debug|Any CPU
		{B7C1C37F-AFEE-4662-AA6B-04621865F435}.AppStore|x86.ActiveCfg = Debug|Any CPU
		{B7C1C37F-AFEE-4662-AA6B-04621865F435}.AppStore|x86.Build.0 = Debug|Any CPU
		{B7C1C37F-AFEE-4662-AA6B-04621865F435}.Debug|Any CPU.ActiveCfg = Debug|Any CPU
		{B7C1C37F-AFEE-4662-AA6B-04621865F435}.Debug|Any CPU.Build.0 = Debug|Any CPU
		{B7C1C37F-AFEE-4662-AA6B-04621865F435}.Debug|ARM.ActiveCfg = Debug|Any CPU
		{B7C1C37F-AFEE-4662-AA6B-04621865F435}.Debug|ARM.Build.0 = Debug|Any CPU
		{B7C1C37F-AFEE-4662-AA6B-04621865F435}.Debug|iPhone.ActiveCfg = Debug|Any CPU
		{B7C1C37F-AFEE-4662-AA6B-04621865F435}.Debug|iPhone.Build.0 = Debug|Any CPU
		{B7C1C37F-AFEE-4662-AA6B-04621865F435}.Debug|iPhoneSimulator.ActiveCfg = Debug|Any CPU
		{B7C1C37F-AFEE-4662-AA6B-04621865F435}.Debug|iPhoneSimulator.Build.0 = Debug|Any CPU
		{B7C1C37F-AFEE-4662-AA6B-04621865F435}.Debug|x64.ActiveCfg = Debug|Any CPU
		{B7C1C37F-AFEE-4662-AA6B-04621865F435}.Debug|x64.Build.0 = Debug|Any CPU
		{B7C1C37F-AFEE-4662-AA6B-04621865F435}.Debug|x86.ActiveCfg = Debug|Any CPU
		{B7C1C37F-AFEE-4662-AA6B-04621865F435}.Debug|x86.Build.0 = Debug|Any CPU
		{B7C1C37F-AFEE-4662-AA6B-04621865F435}.Release|Any CPU.ActiveCfg = Release|Any CPU
		{B7C1C37F-AFEE-4662-AA6B-04621865F435}.Release|Any CPU.Build.0 = Release|Any CPU
		{B7C1C37F-AFEE-4662-AA6B-04621865F435}.Release|ARM.ActiveCfg = Release|Any CPU
		{B7C1C37F-AFEE-4662-AA6B-04621865F435}.Release|ARM.Build.0 = Release|Any CPU
		{B7C1C37F-AFEE-4662-AA6B-04621865F435}.Release|iPhone.ActiveCfg = Release|Any CPU
		{B7C1C37F-AFEE-4662-AA6B-04621865F435}.Release|iPhone.Build.0 = Release|Any CPU
		{B7C1C37F-AFEE-4662-AA6B-04621865F435}.Release|iPhoneSimulator.ActiveCfg = Release|Any CPU
		{B7C1C37F-AFEE-4662-AA6B-04621865F435}.Release|iPhoneSimulator.Build.0 = Release|Any CPU
		{B7C1C37F-AFEE-4662-AA6B-04621865F435}.Release|x64.ActiveCfg = Release|Any CPU
		{B7C1C37F-AFEE-4662-AA6B-04621865F435}.Release|x64.Build.0 = Release|Any CPU
		{B7C1C37F-AFEE-4662-AA6B-04621865F435}.Release|x86.ActiveCfg = Release|Any CPU
		{B7C1C37F-AFEE-4662-AA6B-04621865F435}.Release|x86.Build.0 = Release|Any CPU
	EndGlobalSection
	GlobalSection(SolutionProperties) = preSolution
		HideSolutionNode = FALSE
	EndGlobalSection
	GlobalSection(ExtensibilityGlobals) = postSolution
		SolutionGuid = {C60FA78A-423F-46B1-9846-7742AE7256EC}
	EndGlobalSection
EndGlobal
